
Microsoft Visual Studio Solution File, Format Version 12.00
# Visual Studio Version 16
VisualStudioVersion = 16.0.33328.57
MinimumVisualStudioVersion = 10.0.40219.1
Project("{FAE04EC0-301F-11D3-BF4B-00C04F79EFBC}") = "AudioCutter", "AudioCutter.csproj", "{33A7F78C-3145-4F35-9849-7FE0DB5B26E6}"
EndProject
Global
	GlobalSection(SolutionConfigurationPlatforms) = preSolution
		Debug|Any CPU = Debug|Any CPU
		Release|Any CPU = Release|Any CPU
	EndGlobalSection
	GlobalSection(ProjectConfigurationPlatforms) = postSolution
		{33A7F78C-3145-4F35-9849-7FE0DB5B26E6}.Debug|Any CPU.ActiveCfg = Debug|Any CPU
		{33A7F78C-3145-4F35-9849-7FE0DB5B26E6}.Debug|Any CPU.Build.0 = Debug|Any CPU
		{33A7F78C-3145-4F35-9849-7FE0DB5B26E6}.Release|Any CPU.ActiveCfg = Release|Any CPU
		{33A7F78C-3145-4F35-9849-7FE0DB5B26E6}.Release|Any CPU.Build.0 = Release|Any CPU
	EndGlobalSection
	GlobalSection(SolutionProperties) = preSolution
		HideSolutionNode = FALSE
	EndGlobalSection
	GlobalSection(ExtensibilityGlobals) = postSolution
		SolutionGuid = {9699CBFF-DB0E-468D-9FC5-B78CBC0DC766}
	EndGlobalSection
EndGlobal
